{
  "name": "react-scripts",
  "version": "1.0.10",
  "lockfileVersion": 1,
  "dependencies": {
    "fs": {
      "version": "0.0.2",
      "resolved": "https://registry.npmjs.org/fs/-/fs-0.0.2.tgz",
      "integrity": "sha1-4fJE7zkzwbKmS9R5kTYGDQ9ZFPg="
    },
    "path": {
      "version": "0.11.14",
      "resolved": "https://registry.npmjs.org/path/-/path-0.11.14.tgz",
      "integrity": "sha1-y8dWk1XLPIOv60rOQ+z/lSMeWn0="
    },
    "webpack-glsl-loader": {
      "version": "1.0.1",
      "resolved": "https://registry.npmjs.org/webpack-glsl-loader/-/webpack-glsl-loader-1.0.1.tgz",
      "integrity": "sha1-cqDjAZK9V5R9YNbVBckVvmgNCsw="
    }
  }
}
